# This file is autogenerated, do not edit; changes may be undone by the next 'dep ensure'.


[[projects]]
  name = "cloud.google.com/go"
  packages = ["compute/metadata","internal/version","logging","logging/apiv2","logging/internal"]
  revision = "050b16d2314d5fc3d4c9a51e4cd5c7468e77f162"
  version = "v0.17.0"

[[projects]]
  branch = "master"
  name = "github.com/golang/protobuf"
  packages = ["proto","protoc-gen-go/descriptor","ptypes","ptypes/any","ptypes/duration","ptypes/empty","ptypes/struct","ptypes/timestamp"]
  revision = "1e59b77b52bf8e4b449a57e6f79f21226d571845"

[[projects]]
  name = "github.com/google/go-cmp"
  packages = ["cmp","cmp/internal/diff","cmp/internal/function","cmp/internal/value"]
  revision = "8099a9787ce5dc5984ed879a3bda47dc730a8e97"
  version = "v0.1.0"

[[projects]]
  name = "github.com/googleapis/gax-go"
  packages = ["."]
  revision = "317e0006254c44a0ac427cc52a0e083ff0b9622f"
  version = "v2.0.0"

[[projects]]
  name = "go.uber.org/atomic"
  packages = ["."]
  revision = "8474b86a5a6f79c443ce4b2992817ff32cf208b8"
  version = "v1.3.1"

[[projects]]
  name = "go.uber.org/multierr"
  packages = ["."]
  revision = "3c4937480c32f4c13a875a1829af76c98ca3d40a"
  version = "v1.1.0"

[[projects]]
  name = "go.uber.org/zap"
  packages = [".","buffer","internal/bufferpool","internal/color","internal/exit","zapcore"]
  revision = "35aad584952c3e7020db7b839f6b102de6271f89"
  version = "v1.7.1"

[[projects]]
  branch = "master"
  name = "golang.org/x/net"
  packages = ["context","context/ctxhttp","http2","http2/hpack","idna","internal/timeseries","lex/httplex","trace"]
  revision = "d866cfc389cec985d6fda2859936a575a55a3ab6"

[[projects]]
  branch = "master"
  name = "golang.org/x/oauth2"
  packages = [".","google","internal","jws","jwt"]
  revision = "ee2bad97a97122079f2a3d0dce09330f085b36a0"

[[projects]]
  branch = "master"
  name = "golang.org/x/sync"
  packages = ["semaphore"]
  revision = "fd80eb99c8f653c847d294a001bdf2a3a6f768f5"

[[projects]]
  branch = "master"
  name = "golang.org/x/text"
  packages = ["collate","collate/build","internal/colltab","internal/gen","internal/tag","internal/triegen","internal/ucd","language","secure/bidirule","transform","unicode/bidi","unicode/cldr","unicode/norm","unicode/rangetable"]
  revision = "e19ae1496984b1c655b8044a65c0300a3c878dd3"

[[projects]]
  branch = "master"
  name = "google.golang.org/api"
  packages = ["googleapi/transport","internal","iterator","option","support/bundler","transport","transport/grpc","transport/http"]
  revision = "99aea8c56b9527d6ca9dc96b743c94e184ab704b"

[[projects]]
  name = "google.golang.org/appengine"
  packages = [".","internal","internal/app_identity","internal/base","internal/datastore","internal/log","internal/modules","internal/remote_api","internal/socket","internal/urlfetch","socket","urlfetch"]
  revision = "150dc57a1b433e64154302bdc40b6bb8aefa313a"
  version = "v1.0.0"

[[projects]]
  branch = "master"
  name = "google.golang.org/genproto"
  packages = ["googleapis/api/annotations","googleapis/api/distribution","googleapis/api/label","googleapis/api/metric","googleapis/api/monitoredres","googleapis/logging/type","googleapis/logging/v2","googleapis/rpc/status","protobuf/field_mask"]
  revision = "a8101f21cf983e773d0c1133ebc5424792003214"

[[projects]]
  name = "google.golang.org/grpc"
  packages = [".","balancer","balancer/base","balancer/roundrobin","codes","connectivity","credentials","credentials/oauth","encoding","grpclb/grpc_lb_v1/messages","grpclog","internal","keepalive","metadata","naming","peer","resolver","resolver/dns","resolver/passthrough","stats","status","tap","transport"]
  revision = "f3955b8e9e244dd4dd4bc4f7b7a23a8445400a76"
  version = "v1.9.0"

[solve-meta]
  analyzer-name = "dep"
  analyzer-version = 1
  inputs-digest = "d2e868c8db7401afd460744e096dc12b931a718ae393151c3d05a8e1bfccae87"
  solver-name = "gps-cdcl"
  solver-version = 1
